
Microsoft Visual Studio Solution File, Format Version 12.00
# Visual Studio Version 17
VisualStudioVersion = 17.8.34330.188
MinimumVisualStudioVersion = 10.0.40219.1
Project("{FAE04EC0-301F-11D3-BF4B-00C04F79EFBC}") = "Profile", "Profile\Profile.csproj", "{9DFF70FE-A8B3-4AE6-894A-691A38ACC368}"
EndProject
Global
	GlobalSection(SolutionConfigurationPlatforms) = preSolution
		Debug|Any CPU = Debug|Any CPU
		Release|Any CPU = Release|Any CPU
	EndGlobalSection
	GlobalSection(ProjectConfigurationPlatforms) = postSolution
		{9DFF70FE-A8B3-4AE6-894A-691A38ACC368}.Debug|Any CPU.ActiveCfg = Debug|Any CPU
		{9DFF70FE-A8B3-4AE6-894A-691A38ACC368}.Debug|Any CPU.Build.0 = Debug|Any CPU
		{9DFF70FE-A8B3-4AE6-894A-691A38ACC368}.Release|Any CPU.ActiveCfg = Release|Any CPU
		{9DFF70FE-A8B3-4AE6-894A-691A38ACC368}.Release|Any CPU.Build.0 = Release|Any CPU
	EndGlobalSection
	GlobalSection(SolutionProperties) = preSolution
		HideSolutionNode = FALSE
	EndGlobalSection
	GlobalSection(ExtensibilityGlobals) = postSolution
		SolutionGuid = {9466A4B7-0A30-4376-BF9F-DFE853CD7E57}
	EndGlobalSection
EndGlobal
